
Microsoft Visual Studio Solution File, Format Version 12.00
# Visual Studio 14
VisualStudioVersion = 14.0.25420.1
MinimumVisualStudioVersion = 10.0.40219.1
Project("{FAE04EC0-301F-11D3-BF4B-00C04F79EFBC}") = "BudgetApplication", "BudgetApplication\BudgetApplication.csproj", "{C30A0C70-1EE4-4F32-A473-8D850838079E}"
EndProject
Project("{FAE04EC0-301F-11D3-BF4B-00C04F79EFBC}") = "BudgetApplication.Base", "BudgetApplication.Base\BudgetApplication.Base.csproj", "{02BDDBE1-7267-4B3F-8F4C-B122914DA6ED}"
EndProject
Global
	GlobalSection(SolutionConfigurationPlatforms) = preSolution
		Debug|Any CPU = Debug|Any CPU
		Release|Any CPU = Release|Any CPU
	EndGlobalSection
	GlobalSection(ProjectConfigurationPlatforms) = postSolution
		{C30A0C70-1EE4-4F32-A473-8D850838079E}.Debug|Any CPU.ActiveCfg = Debug|Any CPU
		{C30A0C70-1EE4-4F32-A473-8D850838079E}.Debug|Any CPU.Build.0 = Debug|Any CPU
		{C30A0C70-1EE4-4F32-A473-8D850838079E}.Release|Any CPU.ActiveCfg = Release|Any CPU
		{C30A0C70-1EE4-4F32-A473-8D850838079E}.Release|Any CPU.Build.0 = Release|Any CPU
		{02BDDBE1-7267-4B3F-8F4C-B122914DA6ED}.Debug|Any CPU.ActiveCfg = Debug|Any CPU
		{02BDDBE1-7267-4B3F-8F4C-B122914DA6ED}.Debug|Any CPU.Build.0 = Debug|Any CPU
		{02BDDBE1-7267-4B3F-8F4C-B122914DA6ED}.Release|Any CPU.ActiveCfg = Release|Any CPU
		{02BDDBE1-7267-4B3F-8F4C-B122914DA6ED}.Release|Any CPU.Build.0 = Release|Any CPU
	EndGlobalSection
	GlobalSection(SolutionProperties) = preSolution
		HideSolutionNode = FALSE
	EndGlobalSection
EndGlobal
